
Microsoft Visual Studio Solution File, Format Version 12.00
# Visual Studio Version 17
VisualStudioVersion = 17.5.002.0
MinimumVisualStudioVersion = 10.0.40219.1
Project("{9A19103F-16F7-4668-BE54-9A1E7A4F7556}") = "CodingBasics", "CodingBasics.csproj", "{D03FC8EB-86E9-4D81-BE8E-8EB5C9B8221E}"
EndProject
Global
	GlobalSection(SolutionConfigurationPlatforms) = preSolution
		Debug|Any CPU = Debug|Any CPU
		Release|Any CPU = Release|Any CPU
	EndGlobalSection
	GlobalSection(ProjectConfigurationPlatforms) = postSolution
		{D03FC8EB-86E9-4D81-BE8E-8EB5C9B8221E}.Debug|Any CPU.ActiveCfg = Debug|Any CPU
		{D03FC8EB-86E9-4D81-BE8E-8EB5C9B8221E}.Debug|Any CPU.Build.0 = Debug|Any CPU
		{D03FC8EB-86E9-4D81-BE8E-8EB5C9B8221E}.Release|Any CPU.ActiveCfg = Release|Any CPU
		{D03FC8EB-86E9-4D81-BE8E-8EB5C9B8221E}.Release|Any CPU.Build.0 = Release|Any CPU
	EndGlobalSection
	GlobalSection(SolutionProperties) = preSolution
		HideSolutionNode = FALSE
	EndGlobalSection
	GlobalSection(ExtensibilityGlobals) = postSolution
		SolutionGuid = {15E2FB34-08B7-46F7-B4F3-CDF7F8DD34CC}
	EndGlobalSection
EndGlobal
